
Microsoft Visual Studio Solution File, Format Version 12.00
# Visual Studio Version 16
VisualStudioVersion = 16.0.30611.23
MinimumVisualStudioVersion = 10.0.40219.1
Project("{9A19103F-16F7-4668-BE54-9A1E7A4F7556}") = "Kampintro", "Kampintro\Kampintro.csproj", "{BF758F4E-88BB-4EA7-8A89-55332D9F01E8}"
EndProject
Project("{9A19103F-16F7-4668-BE54-9A1E7A4F7556}") = "Donguler_Loops", "Donguler_Loops\Donguler_Loops.csproj", "{ABA793FA-B6A2-4F87-B05F-EA38EAA24DBD}"
EndProject
Project("{9A19103F-16F7-4668-BE54-9A1E7A4F7556}") = "Classlar", "Classlar\Classlar.csproj", "{0BCAA149-3F17-44FD-98E8-72459FBAD28C}"
EndProject
Project("{9A19103F-16F7-4668-BE54-9A1E7A4F7556}") = "Metods", "Metods\Metods.csproj", "{3EE16F55-7FBF-405F-9F7D-6850484FAA2C}"
EndProject
Project("{9A19103F-16F7-4668-BE54-9A1E7A4F7556}") = "Matematik", "Matematik\Matematik.csproj", "{A335FBEA-4E1E-4E6E-A492-8591598E9B3C}"
EndProject
Project("{9A19103F-16F7-4668-BE54-9A1E7A4F7556}") = "DegerveReferansTipler", "DegerveReferansTipler\DegerveReferansTipler.csproj", "{9B54399E-50FE-493F-934F-E7AA8B7C1E12}"
EndProject
Project("{9A19103F-16F7-4668-BE54-9A1E7A4F7556}") = "OOP1", "OOP1\OOP1.csproj", "{241A6D33-07F4-46F0-9766-CFEBF3E4D604}"
EndProject
Project("{9A19103F-16F7-4668-BE54-9A1E7A4F7556}") = "Koleksiyonlar", "Koleksiyonlar\Koleksiyonlar.csproj", "{65B329BE-FA82-4C97-B5F4-8BFBF48E7731}"
EndProject
Project("{9A19103F-16F7-4668-BE54-9A1E7A4F7556}") = "GenericIntro", "GenericIntro\GenericIntro.csproj", "{A75DEC23-54DD-4500-BFAF-5E6C09465F5B}"
EndProject
Project("{9A19103F-16F7-4668-BE54-9A1E7A4F7556}") = "MyDictionary", "MyDictionary\MyDictionary.csproj", "{9C668F87-E549-4536-8E56-EF58ED6F5341}"
EndProject
Project("{FAE04EC0-301F-11D3-BF4B-00C04F79EFBC}") = "OOP2", "OOP2\OOP2.csproj", "{E370FB99-436D-4663-9413-57DBA5668815}"
EndProject
Project("{FAE04EC0-301F-11D3-BF4B-00C04F79EFBC}") = "OOP3", "OOP3\OOP3.csproj", "{295382FC-40AB-402F-BB2A-EE4060CE9ABE}"
EndProject
Global
	GlobalSection(SolutionConfigurationPlatforms) = preSolution
		Debug|Any CPU = Debug|Any CPU
		Release|Any CPU = Release|Any CPU
	EndGlobalSection
	GlobalSection(ProjectConfigurationPlatforms) = postSolution
		{BF758F4E-88BB-4EA7-8A89-55332D9F01E8}.Debug|Any CPU.ActiveCfg = Debug|Any CPU
		{BF758F4E-88BB-4EA7-8A89-55332D9F01E8}.Debug|Any CPU.Build.0 = Debug|Any CPU
		{BF758F4E-88BB-4EA7-8A89-55332D9F01E8}.Release|Any CPU.ActiveCfg = Release|Any CPU
		{BF758F4E-88BB-4EA7-8A89-55332D9F01E8}.Release|Any CPU.Build.0 = Release|Any CPU
		{ABA793FA-B6A2-4F87-B05F-EA38EAA24DBD}.Debug|Any CPU.ActiveCfg = Debug|Any CPU
		{ABA793FA-B6A2-4F87-B05F-EA38EAA24DBD}.Debug|Any CPU.Build.0 = Debug|Any CPU
		{ABA793FA-B6A2-4F87-B05F-EA38EAA24DBD}.Release|Any CPU.ActiveCfg = Release|Any CPU
		{ABA793FA-B6A2-4F87-B05F-EA38EAA24DBD}.Release|Any CPU.Build.0 = Release|Any CPU
		{0BCAA149-3F17-44FD-98E8-72459FBAD28C}.Debug|Any CPU.ActiveCfg = Debug|Any CPU
		{0BCAA149-3F17-44FD-98E8-72459FBAD28C}.Debug|Any CPU.Build.0 = Debug|Any CPU
		{0BCAA149-3F17-44FD-98E8-72459FBAD28C}.Release|Any CPU.ActiveCfg = Release|Any CPU
		{0BCAA149-3F17-44FD-98E8-72459FBAD28C}.Release|Any CPU.Build.0 = Release|Any CPU
		{3EE16F55-7FBF-405F-9F7D-6850484FAA2C}.Debug|Any CPU.ActiveCfg = Debug|Any CPU
		{3EE16F55-7FBF-405F-9F7D-6850484FAA2C}.Debug|Any CPU.Build.0 = Debug|Any CPU
		{3EE16F55-7FBF-405F-9F7D-6850484FAA2C}.Release|Any CPU.ActiveCfg = Release|Any CPU
		{3EE16F55-7FBF-405F-9F7D-6850484FAA2C}.Release|Any CPU.Build.0 = Release|Any CPU
		{A335FBEA-4E1E-4E6E-A492-8591598E9B3C}.Debug|Any CPU.ActiveCfg = Debug|Any CPU
		{A335FBEA-4E1E-4E6E-A492-8591598E9B3C}.Debug|Any CPU.Build.0 = Debug|Any CPU
		{A335FBEA-4E1E-4E6E-A492-8591598E9B3C}.Release|Any CPU.ActiveCfg = Release|Any CPU
		{A335FBEA-4E1E-4E6E-A492-8591598E9B3C}.Release|Any CPU.Build.0 = Release|Any CPU
		{9B54399E-50FE-493F-934F-E7AA8B7C1E12}.Debug|Any CPU.ActiveCfg = Debug|Any CPU
		{9B54399E-50FE-493F-934F-E7AA8B7C1E12}.Debug|Any CPU.Build.0 = Debug|Any CPU
		{9B54399E-50FE-493F-934F-E7AA8B7C1E12}.Release|Any CPU.ActiveCfg = Release|Any CPU
		{9B54399E-50FE-493F-934F-E7AA8B7C1E12}.Release|Any CPU.Build.0 = Release|Any CPU
		{241A6D33-07F4-46F0-9766-CFEBF3E4D604}.Debug|Any CPU.ActiveCfg = Debug|Any CPU
		{241A6D33-07F4-46F0-9766-CFEBF3E4D604}.Debug|Any CPU.Build.0 = Debug|Any CPU
		{241A6D33-07F4-46F0-9766-CFEBF3E4D604}.Release|Any CPU.ActiveCfg = Release|Any CPU
		{241A6D33-07F4-46F0-9766-CFEBF3E4D604}.Release|Any CPU.Build.0 = Release|Any CPU
		{65B329BE-FA82-4C97-B5F4-8BFBF48E7731}.Debug|Any CPU.ActiveCfg = Debug|Any CPU
		{65B329BE-FA82-4C97-B5F4-8BFBF48E7731}.Debug|Any CPU.Build.0 = Debug|Any CPU
		{65B329BE-FA82-4C97-B5F4-8BFBF48E7731}.Release|Any CPU.ActiveCfg = Release|Any CPU
		{65B329BE-FA82-4C97-B5F4-8BFBF48E7731}.Release|Any CPU.Build.0 = Release|Any CPU
		{A75DEC23-54DD-4500-BFAF-5E6C09465F5B}.Debug|Any CPU.ActiveCfg = Debug|Any CPU
		{A75DEC23-54DD-4500-BFAF-5E6C09465F5B}.Debug|Any CPU.Build.0 = Debug|Any CPU
		{A75DEC23-54DD-4500-BFAF-5E6C09465F5B}.Release|Any CPU.ActiveCfg = Release|Any CPU
		{A75DEC23-54DD-4500-BFAF-5E6C09465F5B}.Release|Any CPU.Build.0 = Release|Any CPU
		{9C668F87-E549-4536-8E56-EF58ED6F5341}.Debug|Any CPU.ActiveCfg = Debug|Any CPU
		{9C668F87-E549-4536-8E56-EF58ED6F5341}.Debug|Any CPU.Build.0 = Debug|Any CPU
		{9C668F87-E549-4536-8E56-EF58ED6F5341}.Release|Any CPU.ActiveCfg = Release|Any CPU
		{9C668F87-E549-4536-8E56-EF58ED6F5341}.Release|Any CPU.Build.0 = Release|Any CPU
		{E370FB99-436D-4663-9413-57DBA5668815}.Debug|Any CPU.ActiveCfg = Debug|Any CPU
		{E370FB99-436D-4663-9413-57DBA5668815}.Debug|Any CPU.Build.0 = Debug|Any CPU
		{E370FB99-436D-4663-9413-57DBA5668815}.Release|Any CPU.ActiveCfg = Release|Any CPU
		{E370FB99-436D-4663-9413-57DBA5668815}.Release|Any CPU.Build.0 = Release|Any CPU
		{295382FC-40AB-402F-BB2A-EE4060CE9ABE}.Debug|Any CPU.ActiveCfg = Debug|Any CPU
		{295382FC-40AB-402F-BB2A-EE4060CE9ABE}.Debug|Any CPU.Build.0 = Debug|Any CPU
		{295382FC-40AB-402F-BB2A-EE4060CE9ABE}.Release|Any CPU.ActiveCfg = Release|Any CPU
		{295382FC-40AB-402F-BB2A-EE4060CE9ABE}.Release|Any CPU.Build.0 = Release|Any CPU
	EndGlobalSection
	GlobalSection(SolutionProperties) = preSolution
		HideSolutionNode = FALSE
	EndGlobalSection
	GlobalSection(ExtensibilityGlobals) = postSolution
		SolutionGuid = {ED0694F9-DD71-466D-A230-5052381925B8}
	EndGlobalSection
EndGlobal
